PODS:
  - Alamofire (4.8.2)
  - Analytics (3.7.0)
  - SvrfGLTFSceneKit (1.5.1)

DEPENDENCIES:
  - Alamofire (~> 4.8.2)
  - Analytics (~> 3.7.0)
  - SvrfGLTFSceneKit (~> 1.5.1)

SPEC REPOS:
  https://github.com/CocoaPods/Specs.git:
    - Alamofire
    - Analytics
  trunk:
    - SvrfGLTFSceneKit

SPEC CHECKSUMS:
  Alamofire: ae5c501addb7afdbb13687d7f2f722c78734c2d3
  Analytics: 77fd5fb102a4a5eedafa2c2b0245ceb7b7c15e45
  SvrfGLTFSceneKit: 6572849d8b42e779c2e816e666def4e344d4f081

PODFILE CHECKSUM: c5f481a840662ac852527c6e4e326a39a92dae5a

COCOAPODS: 1.8.0
