PODS:
  - Alamofire (4.5.1)
  - SVRFClientSwift (1.3.0):
    - Alamofire (~> 4.5.0)
  - SvrfGLTFSceneKit (1.0.0)

DEPENDENCIES:
  - SVRFClientSwift
  - SvrfGLTFSceneKit

SPEC REPOS:
  https://github.com/cocoapods/specs.git:
    - Alamofire
    - SVRFClientSwift
    - SvrfGLTFSceneKit

SPEC CHECKSUMS:
  Alamofire: 2d95912bf4c34f164fdfc335872e8c312acaea4a
  SVRFClientSwift: e891cc21754ca8c56791164d7ecfca38927861d5
  SvrfGLTFSceneKit: b400c2c84ac865d0b6afc110cbb9865311183d50

PODFILE CHECKSUM: 1ce63f357a72c8a1fd573fc3fddb4f4e1ec80724

COCOAPODS: 1.5.3
