// !$*UTF8*$!
{
	archiveVersion = 1;
	classes = {
	};
	objectVersion = 50;
	objects = {

/* Begin PBXAggregateTarget section */
		EC1EF183219A14A9006F12B0 /* UniversalSvrfSDK */ = {
			isa = PBXAggregateTarget;
			buildConfigurationList = EC1EF184219A14A9006F12B0 /* Build configuration list for PBXAggregateTarget "UniversalSvrfSDK" */;
			buildPhases = (
				EC1EF187219A15AD006F12B0 /* ShellScript */,
			);
			dependencies = (
			);
			name = UniversalSvrfSDK;
			productName = UniversalSvrfSDK;
		};
/* End PBXAggregateTarget section */

/* Begin PBXBuildFile section */
		7646973942EFB87EA520150F /* Pods_SvrfSDK_SvrfSDKTests.framework in Frameworks */ = {isa = PBXBuildFile; fileRef = AB17013FE34F4D97096AB226 /* Pods_SvrfSDK_SvrfSDKTests.framework */; };
		9A866D7E60EE7626BE3E912A /* Pods_SvrfSDK.framework in Frameworks */ = {isa = PBXBuildFile; fileRef = E7271369A8F168B0107ADF84 /* Pods_SvrfSDK.framework */; };
		EC1AB98F229D24D3003FCA5D /* SvrfTrendingResponse.swift in Sources */ = {isa = PBXBuildFile; fileRef = EC1AB981229D24D2003FCA5D /* SvrfTrendingResponse.swift */; };
		EC1AB990229D24D3003FCA5D /* SvrfMediaVideos.swift in Sources */ = {isa = PBXBuildFile; fileRef = EC1AB982229D24D2003FCA5D /* SvrfMediaVideos.swift */; };
		EC1AB991229D24D3003FCA5D /* SvrfAuthenticationResponse.swift in Sources */ = {isa = PBXBuildFile; fileRef = EC1AB983229D24D3003FCA5D /* SvrfAuthenticationResponse.swift */; };
		EC1AB992229D24D3003FCA5D /* SvrfMediaResponse.swift in Sources */ = {isa = PBXBuildFile; fileRef = EC1AB984229D24D3003FCA5D /* SvrfMediaResponse.swift */; };
		EC1AB993229D24D3003FCA5D /* SvrfMediaStereo.swift in Sources */ = {isa = PBXBuildFile; fileRef = EC1AB985229D24D3003FCA5D /* SvrfMediaStereo.swift */; };
		EC1AB994229D24D3003FCA5D /* SvrfMediaType.swift in Sources */ = {isa = PBXBuildFile; fileRef = EC1AB986229D24D3003FCA5D /* SvrfMediaType.swift */; };
		EC1AB995229D24D3003FCA5D /* SvrfMedia.swift in Sources */ = {isa = PBXBuildFile; fileRef = EC1AB987229D24D3003FCA5D /* SvrfMedia.swift */; };
		EC1AB996229D24D3003FCA5D /* SvrfMediaMetadata.swift in Sources */ = {isa = PBXBuildFile; fileRef = EC1AB988229D24D3003FCA5D /* SvrfMediaMetadata.swift */; };
		EC1AB997229D24D3003FCA5D /* SvrfMediaImages.swift in Sources */ = {isa = PBXBuildFile; fileRef = EC1AB989229D24D3003FCA5D /* SvrfMediaImages.swift */; };
		EC1AB998229D24D3003FCA5D /* SvrfAPIManager.swift in Sources */ = {isa = PBXBuildFile; fileRef = EC1AB98A229D24D3003FCA5D /* SvrfAPIManager.swift */; };
		EC1AB999229D24D3003FCA5D /* SvrfSearchResponse.swift in Sources */ = {isa = PBXBuildFile; fileRef = EC1AB98B229D24D3003FCA5D /* SvrfSearchResponse.swift */; };
		EC1AB99A229D24D3003FCA5D /* SvrfOptions.swift in Sources */ = {isa = PBXBuildFile; fileRef = EC1AB98C229D24D3003FCA5D /* SvrfOptions.swift */; };
		EC1AB99B229D24D3003FCA5D /* SvrfMediaFiles.swift in Sources */ = {isa = PBXBuildFile; fileRef = EC1AB98D229D24D3003FCA5D /* SvrfMediaFiles.swift */; };
		EC1AB99C229D24D3003FCA5D /* SvrfEnums.swift in Sources */ = {isa = PBXBuildFile; fileRef = EC1AB98E229D24D3003FCA5D /* SvrfEnums.swift */; };
		EC1EF171219A1189006F12B0 /* SvrfSDK.framework in Frameworks */ = {isa = PBXBuildFile; fileRef = EC1EF167219A1189006F12B0 /* SvrfSDK.framework */; };
		EC1EF176219A1189006F12B0 /* SvrfSDKTests.swift in Sources */ = {isa = PBXBuildFile; fileRef = EC1EF175219A1189006F12B0 /* SvrfSDKTests.swift */; };
		EC1EF178219A1189006F12B0 /* SvrfSDK.h in Headers */ = {isa = PBXBuildFile; fileRef = EC1EF16A219A1189006F12B0 /* SvrfSDK.h */; settings = {ATTRIBUTES = (Public, ); }; };
		EC1EF182219A11F6006F12B0 /* SvrfSDK.swift in Sources */ = {isa = PBXBuildFile; fileRef = EC1EF181219A11F6006F12B0 /* SvrfSDK.swift */; };
		EC6F42F621F1D2CA00F7FD17 /* SvrfKeyChain.swift in Sources */ = {isa = PBXBuildFile; fileRef = EC6F42F521F1D2CA00F7FD17 /* SvrfKeyChain.swift */; };
		EC75A3CE219AAD23003C1108 /* SvrfError.swift in Sources */ = {isa = PBXBuildFile; fileRef = EC75A3CC219AAD23003C1108 /* SvrfError.swift */; };
		ECFE7EB421B7F9EB00A2FB93 /* SvrfJWTDecoder.swift in Sources */ = {isa = PBXBuildFile; fileRef = ECFE7EB321B7F9EB00A2FB93 /* SvrfJWTDecoder.swift */; };
/* End PBXBuildFile section */

/* Begin PBXContainerItemProxy section */
		EC1EF172219A1189006F12B0 /* PBXContainerItemProxy */ = {
			isa = PBXContainerItemProxy;
			containerPortal = EC1EF15E219A1189006F12B0 /* Project object */;
			proxyType = 1;
			remoteGlobalIDString = EC1EF166219A1189006F12B0;
			remoteInfo = SvrfSDK;
		};
/* End PBXContainerItemProxy section */

/* Begin PBXFileReference section */
		002CBEB5AD0CE718E1958611 /* Pods-SvrfSDK.release.xcconfig */ = {isa = PBXFileReference; includeInIndex = 1; lastKnownFileType = text.xcconfig; name = "Pods-SvrfSDK.release.xcconfig"; path = "Pods/Target Support Files/Pods-SvrfSDK/Pods-SvrfSDK.release.xcconfig"; sourceTree = "<group>"; };
		553C4BE026B71D4586A81734 /* Pods-SvrfSDK-SvrfSDKTests.release.xcconfig */ = {isa = PBXFileReference; includeInIndex = 1; lastKnownFileType = text.xcconfig; name = "Pods-SvrfSDK-SvrfSDKTests.release.xcconfig"; path = "Pods/Target Support Files/Pods-SvrfSDK-SvrfSDKTests/Pods-SvrfSDK-SvrfSDKTests.release.xcconfig"; sourceTree = "<group>"; };
		6E29DB7E0DC463087DAF7608 /* Pods-SvrfSDKTests.debug.xcconfig */ = {isa = PBXFileReference; includeInIndex = 1; lastKnownFileType = text.xcconfig; name = "Pods-SvrfSDKTests.debug.xcconfig"; path = "Pods/Target Support Files/Pods-SvrfSDKTests/Pods-SvrfSDKTests.debug.xcconfig"; sourceTree = "<group>"; };
		A3ECC94D5CBB1EAC5B159AE8 /* Pods-SvrfSDKTests.release.xcconfig */ = {isa = PBXFileReference; includeInIndex = 1; lastKnownFileType = text.xcconfig; name = "Pods-SvrfSDKTests.release.xcconfig"; path = "Pods/Target Support Files/Pods-SvrfSDKTests/Pods-SvrfSDKTests.release.xcconfig"; sourceTree = "<group>"; };
		AB17013FE34F4D97096AB226 /* Pods_SvrfSDK_SvrfSDKTests.framework */ = {isa = PBXFileReference; explicitFileType = wrapper.framework; includeInIndex = 0; path = Pods_SvrfSDK_SvrfSDKTests.framework; sourceTree = BUILT_PRODUCTS_DIR; };
		B2EED774328EC0E3858EADA3 /* Pods-SvrfSDK.debug.xcconfig */ = {isa = PBXFileReference; includeInIndex = 1; lastKnownFileType = text.xcconfig; name = "Pods-SvrfSDK.debug.xcconfig"; path = "Pods/Target Support Files/Pods-SvrfSDK/Pods-SvrfSDK.debug.xcconfig"; sourceTree = "<group>"; };
		E7271369A8F168B0107ADF84 /* Pods_SvrfSDK.framework */ = {isa = PBXFileReference; explicitFileType = wrapper.framework; includeInIndex = 0; path = Pods_SvrfSDK.framework; sourceTree = BUILT_PRODUCTS_DIR; };
		EC1AB981229D24D2003FCA5D /* SvrfTrendingResponse.swift */ = {isa = PBXFileReference; fileEncoding = 4; lastKnownFileType = sourcecode.swift; path = SvrfTrendingResponse.swift; sourceTree = "<group>"; };
		EC1AB982229D24D2003FCA5D /* SvrfMediaVideos.swift */ = {isa = PBXFileReference; fileEncoding = 4; lastKnownFileType = sourcecode.swift; path = SvrfMediaVideos.swift; sourceTree = "<group>"; };
		EC1AB983229D24D3003FCA5D /* SvrfAuthenticationResponse.swift */ = {isa = PBXFileReference; fileEncoding = 4; lastKnownFileType = sourcecode.swift; path = SvrfAuthenticationResponse.swift; sourceTree = "<group>"; };
		EC1AB984229D24D3003FCA5D /* SvrfMediaResponse.swift */ = {isa = PBXFileReference; fileEncoding = 4; lastKnownFileType = sourcecode.swift; path = SvrfMediaResponse.swift; sourceTree = "<group>"; };
		EC1AB985229D24D3003FCA5D /* SvrfMediaStereo.swift */ = {isa = PBXFileReference; fileEncoding = 4; lastKnownFileType = sourcecode.swift; path = SvrfMediaStereo.swift; sourceTree = "<group>"; };
		EC1AB986229D24D3003FCA5D /* SvrfMediaType.swift */ = {isa = PBXFileReference; fileEncoding = 4; lastKnownFileType = sourcecode.swift; path = SvrfMediaType.swift; sourceTree = "<group>"; };
		EC1AB987229D24D3003FCA5D /* SvrfMedia.swift */ = {isa = PBXFileReference; fileEncoding = 4; lastKnownFileType = sourcecode.swift; path = SvrfMedia.swift; sourceTree = "<group>"; };
		EC1AB988229D24D3003FCA5D /* SvrfMediaMetadata.swift */ = {isa = PBXFileReference; fileEncoding = 4; lastKnownFileType = sourcecode.swift; path = SvrfMediaMetadata.swift; sourceTree = "<group>"; };
		EC1AB989229D24D3003FCA5D /* SvrfMediaImages.swift */ = {isa = PBXFileReference; fileEncoding = 4; lastKnownFileType = sourcecode.swift; path = SvrfMediaImages.swift; sourceTree = "<group>"; };
		EC1AB98A229D24D3003FCA5D /* SvrfAPIManager.swift */ = {isa = PBXFileReference; fileEncoding = 4; lastKnownFileType = sourcecode.swift; path = SvrfAPIManager.swift; sourceTree = "<group>"; };
		EC1AB98B229D24D3003FCA5D /* SvrfSearchResponse.swift */ = {isa = PBXFileReference; fileEncoding = 4; lastKnownFileType = sourcecode.swift; path = SvrfSearchResponse.swift; sourceTree = "<group>"; };
		EC1AB98C229D24D3003FCA5D /* SvrfOptions.swift */ = {isa = PBXFileReference; fileEncoding = 4; lastKnownFileType = sourcecode.swift; path = SvrfOptions.swift; sourceTree = "<group>"; };
		EC1AB98D229D24D3003FCA5D /* SvrfMediaFiles.swift */ = {isa = PBXFileReference; fileEncoding = 4; lastKnownFileType = sourcecode.swift; path = SvrfMediaFiles.swift; sourceTree = "<group>"; };
		EC1AB98E229D24D3003FCA5D /* SvrfEnums.swift */ = {isa = PBXFileReference; fileEncoding = 4; lastKnownFileType = sourcecode.swift; path = SvrfEnums.swift; sourceTree = "<group>"; };
		EC1EF167219A1189006F12B0 /* SvrfSDK.framework */ = {isa = PBXFileReference; explicitFileType = wrapper.framework; includeInIndex = 0; path = SvrfSDK.framework; sourceTree = BUILT_PRODUCTS_DIR; };
		EC1EF16A219A1189006F12B0 /* SvrfSDK.h */ = {isa = PBXFileReference; lastKnownFileType = sourcecode.c.h; path = SvrfSDK.h; sourceTree = "<group>"; };
		EC1EF16B219A1189006F12B0 /* Info.plist */ = {isa = PBXFileReference; lastKnownFileType = text.plist.xml; path = Info.plist; sourceTree = "<group>"; };
		EC1EF170219A1189006F12B0 /* SvrfSDKTests.xctest */ = {isa = PBXFileReference; explicitFileType = wrapper.cfbundle; includeInIndex = 0; path = SvrfSDKTests.xctest; sourceTree = BUILT_PRODUCTS_DIR; };
		EC1EF175219A1189006F12B0 /* SvrfSDKTests.swift */ = {isa = PBXFileReference; lastKnownFileType = sourcecode.swift; path = SvrfSDKTests.swift; sourceTree = "<group>"; };
		EC1EF177219A1189006F12B0 /* Info.plist */ = {isa = PBXFileReference; lastKnownFileType = text.plist.xml; path = Info.plist; sourceTree = "<group>"; };
		EC1EF181219A11F6006F12B0 /* SvrfSDK.swift */ = {isa = PBXFileReference; lastKnownFileType = sourcecode.swift; path = SvrfSDK.swift; sourceTree = "<group>"; };
		EC6F42F521F1D2CA00F7FD17 /* SvrfKeyChain.swift */ = {isa = PBXFileReference; fileEncoding = 4; lastKnownFileType = sourcecode.swift; path = SvrfKeyChain.swift; sourceTree = "<group>"; };
		EC75A3CC219AAD23003C1108 /* SvrfError.swift */ = {isa = PBXFileReference; fileEncoding = 4; lastKnownFileType = sourcecode.swift; path = SvrfError.swift; sourceTree = "<group>"; };
		ECFE7EB321B7F9EB00A2FB93 /* SvrfJWTDecoder.swift */ = {isa = PBXFileReference; fileEncoding = 4; lastKnownFileType = sourcecode.swift; path = SvrfJWTDecoder.swift; sourceTree = "<group>"; };
		EF6F91EDB410C31CCBE2FDB0 /* Pods-SvrfSDK-SvrfSDKTests.debug.xcconfig */ = {isa = PBXFileReference; includeInIndex = 1; lastKnownFileType = text.xcconfig; name = "Pods-SvrfSDK-SvrfSDKTests.debug.xcconfig"; path = "Pods/Target Support Files/Pods-SvrfSDK-SvrfSDKTests/Pods-SvrfSDK-SvrfSDKTests.debug.xcconfig"; sourceTree = "<group>"; };
/* End PBXFileReference section */

/* Begin PBXFrameworksBuildPhase section */
		EC1EF164219A1189006F12B0 /* Frameworks */ = {
			isa = PBXFrameworksBuildPhase;
			buildActionMask = 2147483647;
			files = (
				9A866D7E60EE7626BE3E912A /* Pods_SvrfSDK.framework in Frameworks */,
			);
			runOnlyForDeploymentPostprocessing = 0;
		};
		EC1EF16D219A1189006F12B0 /* Frameworks */ = {
			isa = PBXFrameworksBuildPhase;
			buildActionMask = 2147483647;
			files = (
				EC1EF171219A1189006F12B0 /* SvrfSDK.framework in Frameworks */,
				7646973942EFB87EA520150F /* Pods_SvrfSDK_SvrfSDKTests.framework in Frameworks */,
			);
			runOnlyForDeploymentPostprocessing = 0;
		};
/* End PBXFrameworksBuildPhase section */

/* Begin PBXGroup section */
		2606348796305ED96EEC46CB /* Pods */ = {
			isa = PBXGroup;
			children = (
				B2EED774328EC0E3858EADA3 /* Pods-SvrfSDK.debug.xcconfig */,
				002CBEB5AD0CE718E1958611 /* Pods-SvrfSDK.release.xcconfig */,
				6E29DB7E0DC463087DAF7608 /* Pods-SvrfSDKTests.debug.xcconfig */,
				A3ECC94D5CBB1EAC5B159AE8 /* Pods-SvrfSDKTests.release.xcconfig */,
				EF6F91EDB410C31CCBE2FDB0 /* Pods-SvrfSDK-SvrfSDKTests.debug.xcconfig */,
				553C4BE026B71D4586A81734 /* Pods-SvrfSDK-SvrfSDKTests.release.xcconfig */,
			);
			name = Pods;
			sourceTree = "<group>";
		};
		A01ADA0DC9745D33B7FBDF35 /* Frameworks */ = {
			isa = PBXGroup;
			children = (
				E7271369A8F168B0107ADF84 /* Pods_SvrfSDK.framework */,
				AB17013FE34F4D97096AB226 /* Pods_SvrfSDK_SvrfSDKTests.framework */,
			);
			name = Frameworks;
			sourceTree = "<group>";
		};
		EC1EF15D219A1189006F12B0 = {
			isa = PBXGroup;
			children = (
				EC1EF169219A1189006F12B0 /* SvrfSDK */,
				EC1EF174219A1189006F12B0 /* SvrfSDKTests */,
				EC1EF168219A1189006F12B0 /* Products */,
				2606348796305ED96EEC46CB /* Pods */,
				A01ADA0DC9745D33B7FBDF35 /* Frameworks */,
			);
			sourceTree = "<group>";
		};
		EC1EF168219A1189006F12B0 /* Products */ = {
			isa = PBXGroup;
			children = (
				EC1EF167219A1189006F12B0 /* SvrfSDK.framework */,
				EC1EF170219A1189006F12B0 /* SvrfSDKTests.xctest */,
			);
			name = Products;
			sourceTree = "<group>";
		};
		EC1EF169219A1189006F12B0 /* SvrfSDK */ = {
			isa = PBXGroup;
			children = (
				EC75A3CF219AAEF6003C1108 /* Source */,
				EC1EF16A219A1189006F12B0 /* SvrfSDK.h */,
				EC1EF16B219A1189006F12B0 /* Info.plist */,
			);
			path = SvrfSDK;
			sourceTree = "<group>";
		};
		EC1EF174219A1189006F12B0 /* SvrfSDKTests */ = {
			isa = PBXGroup;
			children = (
				EC1EF175219A1189006F12B0 /* SvrfSDKTests.swift */,
				EC1EF177219A1189006F12B0 /* Info.plist */,
			);
			path = SvrfSDKTests;
			sourceTree = "<group>";
		};
		EC75A3CF219AAEF6003C1108 /* Source */ = {
			isa = PBXGroup;
			children = (
				ECE2199C229D62940079EF93 /* SvrfModels */,
				EC1AB98A229D24D3003FCA5D /* SvrfAPIManager.swift */,
				EC1AB98E229D24D3003FCA5D /* SvrfEnums.swift */,
				EC1AB98C229D24D3003FCA5D /* SvrfOptions.swift */,
				EC6F42F521F1D2CA00F7FD17 /* SvrfKeyChain.swift */,
				ECFE7EB321B7F9EB00A2FB93 /* SvrfJWTDecoder.swift */,
				EC75A3CC219AAD23003C1108 /* SvrfError.swift */,
				EC1EF181219A11F6006F12B0 /* SvrfSDK.swift */,
			);
			path = Source;
			sourceTree = "<group>";
		};
		ECE2199C229D62940079EF93 /* SvrfModels */ = {
			isa = PBXGroup;
			children = (
				ECE2199E229D63000079EF93 /* SvrfResponses */,
				EC1AB987229D24D3003FCA5D /* SvrfMedia.swift */,
				EC1AB98D229D24D3003FCA5D /* SvrfMediaFiles.swift */,
				EC1AB989229D24D3003FCA5D /* SvrfMediaImages.swift */,
				EC1AB988229D24D3003FCA5D /* SvrfMediaMetadata.swift */,
				EC1AB985229D24D3003FCA5D /* SvrfMediaStereo.swift */,
				EC1AB986229D24D3003FCA5D /* SvrfMediaType.swift */,
				EC1AB982229D24D2003FCA5D /* SvrfMediaVideos.swift */,
			);
			name = SvrfModels;
			sourceTree = "<group>";
		};
		ECE2199E229D63000079EF93 /* SvrfResponses */ = {
			isa = PBXGroup;
			children = (
				EC1AB983229D24D3003FCA5D /* SvrfAuthenticationResponse.swift */,
				EC1AB984229D24D3003FCA5D /* SvrfMediaResponse.swift */,
				EC1AB98B229D24D3003FCA5D /* SvrfSearchResponse.swift */,
				EC1AB981229D24D2003FCA5D /* SvrfTrendingResponse.swift */,
			);
			name = SvrfResponses;
			sourceTree = "<group>";
		};
/* End PBXGroup section */

/* Begin PBXHeadersBuildPhase section */
		EC1EF162219A1189006F12B0 /* Headers */ = {
			isa = PBXHeadersBuildPhase;
			buildActionMask = 2147483647;
			files = (
				EC1EF178219A1189006F12B0 /* SvrfSDK.h in Headers */,
			);
			runOnlyForDeploymentPostprocessing = 0;
		};
/* End PBXHeadersBuildPhase section */

/* Begin PBXNativeTarget section */
		EC1EF166219A1189006F12B0 /* SvrfSDK */ = {
			isa = PBXNativeTarget;
			buildConfigurationList = EC1EF17B219A1189006F12B0 /* Build configuration list for PBXNativeTarget "SvrfSDK" */;
			buildPhases = (
				064A9B2A429A6AE7B4A04C4C /* [CP] Check Pods Manifest.lock */,
				EC1EF162219A1189006F12B0 /* Headers */,
				EC1EF163219A1189006F12B0 /* Sources */,
				EC1EF164219A1189006F12B0 /* Frameworks */,
				EC1EF165219A1189006F12B0 /* Resources */,
				EC64CE2D21BABEEB00221ABC /* ShellScript */,
			);
			buildRules = (
			);
			dependencies = (
			);
			name = SvrfSDK;
			productName = SvrfSDK;
			productReference = EC1EF167219A1189006F12B0 /* SvrfSDK.framework */;
			productType = "com.apple.product-type.framework";
		};
		EC1EF16F219A1189006F12B0 /* SvrfSDKTests */ = {
			isa = PBXNativeTarget;
			buildConfigurationList = EC1EF17E219A1189006F12B0 /* Build configuration list for PBXNativeTarget "SvrfSDKTests" */;
			buildPhases = (
				E524FF7C5767E1DB2AE53EBA /* [CP] Check Pods Manifest.lock */,
				EC1EF16C219A1189006F12B0 /* Sources */,
				EC1EF16D219A1189006F12B0 /* Frameworks */,
				EC1EF16E219A1189006F12B0 /* Resources */,
				3E4AA49161DFA6E39920C125 /* [CP] Embed Pods Frameworks */,
			);
			buildRules = (
			);
			dependencies = (
				EC1EF173219A1189006F12B0 /* PBXTargetDependency */,
			);
			name = SvrfSDKTests;
			productName = SvrfSDKTests;
			productReference = EC1EF170219A1189006F12B0 /* SvrfSDKTests.xctest */;
			productType = "com.apple.product-type.bundle.unit-test";
		};
/* End PBXNativeTarget section */

/* Begin PBXProject section */
		EC1EF15E219A1189006F12B0 /* Project object */ = {
			isa = PBXProject;
			attributes = {
				LastSwiftUpdateCheck = 1010;
				LastUpgradeCheck = 1010;
				ORGANIZATIONNAME = "Andrey Evstratenko";
				TargetAttributes = {
					EC1EF166219A1189006F12B0 = {
						CreatedOnToolsVersion = 10.1;
						LastSwiftMigration = 1020;
					};
					EC1EF16F219A1189006F12B0 = {
						CreatedOnToolsVersion = 10.1;
						LastSwiftMigration = 1020;
					};
					EC1EF183219A14A9006F12B0 = {
						CreatedOnToolsVersion = 10.1;
					};
				};
			};
			buildConfigurationList = EC1EF161219A1189006F12B0 /* Build configuration list for PBXProject "SvrfSDK" */;
			compatibilityVersion = "Xcode 9.3";
			developmentRegion = en;
			hasScannedForEncodings = 0;
			knownRegions = (
				en,
			);
			mainGroup = EC1EF15D219A1189006F12B0;
			productRefGroup = EC1EF168219A1189006F12B0 /* Products */;
			projectDirPath = "";
			projectRoot = "";
			targets = (
				EC1EF166219A1189006F12B0 /* SvrfSDK */,
				EC1EF16F219A1189006F12B0 /* SvrfSDKTests */,
				EC1EF183219A14A9006F12B0 /* UniversalSvrfSDK */,
			);
		};
/* End PBXProject section */

/* Begin PBXResourcesBuildPhase section */
		EC1EF165219A1189006F12B0 /* Resources */ = {
			isa = PBXResourcesBuildPhase;
			buildActionMask = 2147483647;
			files = (
			);
			runOnlyForDeploymentPostprocessing = 0;
		};
		EC1EF16E219A1189006F12B0 /* Resources */ = {
			isa = PBXResourcesBuildPhase;
			buildActionMask = 2147483647;
			files = (
			);
			runOnlyForDeploymentPostprocessing = 0;
		};
/* End PBXResourcesBuildPhase section */

/* Begin PBXShellScriptBuildPhase section */
		064A9B2A429A6AE7B4A04C4C /* [CP] Check Pods Manifest.lock */ = {
			isa = PBXShellScriptBuildPhase;
			buildActionMask = 2147483647;
			files = (
			);
			inputFileListPaths = (
			);
			inputPaths = (
				"${PODS_PODFILE_DIR_PATH}/Podfile.lock",
				"${PODS_ROOT}/Manifest.lock",
			);
			name = "[CP] Check Pods Manifest.lock";
			outputFileListPaths = (
			);
			outputPaths = (
				"$(DERIVED_FILE_DIR)/Pods-SvrfSDK-checkManifestLockResult.txt",
			);
			runOnlyForDeploymentPostprocessing = 0;
			shellPath = /bin/sh;
			shellScript = "diff \"${PODS_PODFILE_DIR_PATH}/Podfile.lock\" \"${PODS_ROOT}/Manifest.lock\" > /dev/null\nif [ $? != 0 ] ; then\n    # print error to STDERR\n    echo \"error: The sandbox is not in sync with the Podfile.lock. Run 'pod install' or update your CocoaPods installation.\" >&2\n    exit 1\nfi\n# This output is used by Xcode 'outputs' to avoid re-running this script phase.\necho \"SUCCESS\" > \"${SCRIPT_OUTPUT_FILE_0}\"\n";
			showEnvVarsInLog = 0;
		};
		3E4AA49161DFA6E39920C125 /* [CP] Embed Pods Frameworks */ = {
			isa = PBXShellScriptBuildPhase;
			buildActionMask = 2147483647;
			files = (
			);
			inputFileListPaths = (
				"${PODS_ROOT}/Target Support Files/Pods-SvrfSDK-SvrfSDKTests/Pods-SvrfSDK-SvrfSDKTests-frameworks-${CONFIGURATION}-input-files.xcfilelist",
			);
			name = "[CP] Embed Pods Frameworks";
			outputFileListPaths = (
				"${PODS_ROOT}/Target Support Files/Pods-SvrfSDK-SvrfSDKTests/Pods-SvrfSDK-SvrfSDKTests-frameworks-${CONFIGURATION}-output-files.xcfilelist",
			);
			runOnlyForDeploymentPostprocessing = 0;
			shellPath = /bin/sh;
			shellScript = "\"${PODS_ROOT}/Target Support Files/Pods-SvrfSDK-SvrfSDKTests/Pods-SvrfSDK-SvrfSDKTests-frameworks.sh\"\n";
			showEnvVarsInLog = 0;
		};
		E524FF7C5767E1DB2AE53EBA /* [CP] Check Pods Manifest.lock */ = {
			isa = PBXShellScriptBuildPhase;
			buildActionMask = 2147483647;
			files = (
			);
			inputFileListPaths = (
			);
			inputPaths = (
				"${PODS_PODFILE_DIR_PATH}/Podfile.lock",
				"${PODS_ROOT}/Manifest.lock",
			);
			name = "[CP] Check Pods Manifest.lock";
			outputFileListPaths = (
			);
			outputPaths = (
				"$(DERIVED_FILE_DIR)/Pods-SvrfSDK-SvrfSDKTests-checkManifestLockResult.txt",
			);
			runOnlyForDeploymentPostprocessing = 0;
			shellPath = /bin/sh;
			shellScript = "diff \"${PODS_PODFILE_DIR_PATH}/Podfile.lock\" \"${PODS_ROOT}/Manifest.lock\" > /dev/null\nif [ $? != 0 ] ; then\n    # print error to STDERR\n    echo \"error: The sandbox is not in sync with the Podfile.lock. Run 'pod install' or update your CocoaPods installation.\" >&2\n    exit 1\nfi\n# This output is used by Xcode 'outputs' to avoid re-running this script phase.\necho \"SUCCESS\" > \"${SCRIPT_OUTPUT_FILE_0}\"\n";
			showEnvVarsInLog = 0;
		};
		EC1EF187219A15AD006F12B0 /* ShellScript */ = {
			isa = PBXShellScriptBuildPhase;
			buildActionMask = 2147483647;
			files = (
			);
			inputFileListPaths = (
			);
			inputPaths = (
			);
			outputFileListPaths = (
			);
			outputPaths = (
			);
			runOnlyForDeploymentPostprocessing = 0;
			shellPath = /bin/sh;
			shellScript = "#!/bin/sh\n\nUNIVERSAL_OUTPUTFOLDER=${BUILD_DIR}/${CONFIGURATION}-universal\n\n# make sure the output directory exists\nmkdir -p \"${UNIVERSAL_OUTPUTFOLDER}\"\n\n# Step 1. Build Device and Simulator versions\nxcodebuild -target \"SvrfSDK\" ONLY_ACTIVE_ARCH=NO -configuration ${CONFIGURATION} -sdk iphoneos  BUILD_DIR=\"${BUILD_DIR}\" BUILD_ROOT=\"${BUILD_ROOT}\" clean build\nxcodebuild -target \"SvrfSDK\" -configuration ${CONFIGURATION} -sdk iphonesimulator ONLY_ACTIVE_ARCH=NO BUILD_DIR=\"${BUILD_DIR}\" BUILD_ROOT=\"${BUILD_ROOT}\" clean build\n\n# Step 2. Copy the framework structure (from iphoneos build) to the universal folder\ncp -R \"${BUILD_DIR}/${CONFIGURATION}-iphoneos/SvrfSDK.framework\" \"${UNIVERSAL_OUTPUTFOLDER}/\"\n\n# Step 3. Copy Swift modules from iphonesimulator build (if it exists) to the copied framework directory\nSIMULATOR_SWIFT_MODULES_DIR=\"${BUILD_DIR}/${CONFIGURATION}-iphonesimulator/SvrfSDK.framework/Modules/SvrfSDK.swiftmodule/.\"\nif [ -d \"${SIMULATOR_SWIFT_MODULES_DIR}\" ]; then\ncp -R \"${SIMULATOR_SWIFT_MODULES_DIR}\" \"${UNIVERSAL_OUTPUTFOLDER}/SvrfSDK.framework/Modules/SvrfSDK.swiftmodule\"\nfi\n\n# Step 4. Create universal binary file using lipo and place the combined executable in the copied framework directory\nlipo -create -output \"${UNIVERSAL_OUTPUTFOLDER}/SvrfSDK.framework/SvrfSDK\" \"${BUILD_DIR}/${CONFIGURATION}-iphonesimulator/SvrfSDK.framework/SvrfSDK\" \"${BUILD_DIR}/${CONFIGURATION}-iphoneos/SvrfSDK.framework/SvrfSDK\"\n\n# Step 5. Convenience step to copy the framework to the project's directory\ncp -R \"${UNIVERSAL_OUTPUTFOLDER}/SvrfSDK.framework\" \"${PROJECT_DIR}\"\n\n# Step 6. Convenience step to open the project's directory in Finder\nopen \"${PROJECT_DIR}\"\n";
		};
		EC64CE2D21BABEEB00221ABC /* ShellScript */ = {
			isa = PBXShellScriptBuildPhase;
			buildActionMask = 12;
			files = (
			);
			inputFileListPaths = (
			);
			inputPaths = (
			);
			outputFileListPaths = (
			);
			outputPaths = (
			);
			runOnlyForDeploymentPostprocessing = 0;
			shellPath = /bin/sh;
			shellScript = "if which swiftlint >/dev/null; then\nswiftlint\nelse\necho \"error: SwiftLint does not exist, download it from https://github.com/realm/SwiftLint\"\nexit 1\nfi\n";
		};
/* End PBXShellScriptBuildPhase section */

/* Begin PBXSourcesBuildPhase section */
		EC1EF163219A1189006F12B0 /* Sources */ = {
			isa = PBXSourcesBuildPhase;
			buildActionMask = 2147483647;
			files = (
				EC1AB997229D24D3003FCA5D /* SvrfMediaImages.swift in Sources */,
				EC1AB995229D24D3003FCA5D /* SvrfMedia.swift in Sources */,
				EC1AB99B229D24D3003FCA5D /* SvrfMediaFiles.swift in Sources */,
				EC1AB994229D24D3003FCA5D /* SvrfMediaType.swift in Sources */,
				EC1EF182219A11F6006F12B0 /* SvrfSDK.swift in Sources */,
				EC75A3CE219AAD23003C1108 /* SvrfError.swift in Sources */,
				EC1AB991229D24D3003FCA5D /* SvrfAuthenticationResponse.swift in Sources */,
				EC1AB998229D24D3003FCA5D /* SvrfAPIManager.swift in Sources */,
				ECFE7EB421B7F9EB00A2FB93 /* SvrfJWTDecoder.swift in Sources */,
				EC1AB993229D24D3003FCA5D /* SvrfMediaStereo.swift in Sources */,
				EC1AB99A229D24D3003FCA5D /* SvrfOptions.swift in Sources */,
				EC1AB996229D24D3003FCA5D /* SvrfMediaMetadata.swift in Sources */,
				EC1AB98F229D24D3003FCA5D /* SvrfTrendingResponse.swift in Sources */,
				EC1AB999229D24D3003FCA5D /* SvrfSearchResponse.swift in Sources */,
				EC1AB992229D24D3003FCA5D /* SvrfMediaResponse.swift in Sources */,
				EC1AB990229D24D3003FCA5D /* SvrfMediaVideos.swift in Sources */,
				EC1AB99C229D24D3003FCA5D /* SvrfEnums.swift in Sources */,
				EC6F42F621F1D2CA00F7FD17 /* SvrfKeyChain.swift in Sources */,
			);
			runOnlyForDeploymentPostprocessing = 0;
		};
		EC1EF16C219A1189006F12B0 /* Sources */ = {
			isa = PBXSourcesBuildPhase;
			buildActionMask = 2147483647;
			files = (
				EC1EF176219A1189006F12B0 /* SvrfSDKTests.swift in Sources */,
			);
			runOnlyForDeploymentPostprocessing = 0;
		};
/* End PBXSourcesBuildPhase section */

/* Begin PBXTargetDependency section */
		EC1EF173219A1189006F12B0 /* PBXTargetDependency */ = {
			isa = PBXTargetDependency;
			target = EC1EF166219A1189006F12B0 /* SvrfSDK */;
			targetProxy = EC1EF172219A1189006F12B0 /* PBXContainerItemProxy */;
		};
/* End PBXTargetDependency section */

/* Begin XCBuildConfiguration section */
		EC1EF179219A1189006F12B0 /* Debug */ = {
			isa = XCBuildConfiguration;
			buildSettings = {
				ALWAYS_SEARCH_USER_PATHS = NO;
				CLANG_ANALYZER_NONNULL = YES;
				CLANG_ANALYZER_NUMBER_OBJECT_CONVERSION = YES_AGGRESSIVE;
				CLANG_CXX_LANGUAGE_STANDARD = "gnu++14";
				CLANG_CXX_LIBRARY = "libc++";
				CLANG_ENABLE_MODULES = YES;
				CLANG_ENABLE_OBJC_ARC = YES;
				CLANG_ENABLE_OBJC_WEAK = YES;
				CLANG_WARN_BLOCK_CAPTURE_AUTORELEASING = YES;
				CLANG_WARN_BOOL_CONVERSION = YES;
				CLANG_WARN_COMMA = YES;
				CLANG_WARN_CONSTANT_CONVERSION = YES;
				CLANG_WARN_DEPRECATED_OBJC_IMPLEMENTATIONS = YES;
				CLANG_WARN_DIRECT_OBJC_ISA_USAGE = YES_ERROR;
				CLANG_WARN_DOCUMENTATION_COMMENTS = YES;
				CLANG_WARN_EMPTY_BODY = YES;
				CLANG_WARN_ENUM_CONVERSION = YES;
				CLANG_WARN_INFINITE_RECURSION = YES;
				CLANG_WARN_INT_CONVERSION = YES;
				CLANG_WARN_NON_LITERAL_NULL_CONVERSION = YES;
				CLANG_WARN_OBJC_IMPLICIT_RETAIN_SELF = YES;
				CLANG_WARN_OBJC_LITERAL_CONVERSION = YES;
				CLANG_WARN_OBJC_ROOT_CLASS = YES_ERROR;
				CLANG_WARN_RANGE_LOOP_ANALYSIS = YES;
				CLANG_WARN_STRICT_PROTOTYPES = YES;
				CLANG_WARN_SUSPICIOUS_MOVE = YES;
				CLANG_WARN_UNGUARDED_AVAILABILITY = YES_AGGRESSIVE;
				CLANG_WARN_UNREACHABLE_CODE = YES;
				CLANG_WARN__DUPLICATE_METHOD_MATCH = YES;
				CODE_SIGN_IDENTITY = "iPhone Developer";
				COPY_PHASE_STRIP = NO;
				CURRENT_PROJECT_VERSION = 1;
				DEBUG_INFORMATION_FORMAT = dwarf;
				ENABLE_STRICT_OBJC_MSGSEND = YES;
				ENABLE_TESTABILITY = YES;
				GCC_C_LANGUAGE_STANDARD = gnu11;
				GCC_DYNAMIC_NO_PIC = NO;
				GCC_NO_COMMON_BLOCKS = YES;
				GCC_OPTIMIZATION_LEVEL = 0;
				GCC_PREPROCESSOR_DEFINITIONS = (
					"DEBUG=1",
					"$(inherited)",
				);
				GCC_WARN_64_TO_32_BIT_CONVERSION = YES;
				GCC_WARN_ABOUT_RETURN_TYPE = YES_ERROR;
				GCC_WARN_UNDECLARED_SELECTOR = YES;
				GCC_WARN_UNINITIALIZED_AUTOS = YES_AGGRESSIVE;
				GCC_WARN_UNUSED_FUNCTION = YES;
				GCC_WARN_UNUSED_VARIABLE = YES;
				IPHONEOS_DEPLOYMENT_TARGET = 11.0;
				MTL_ENABLE_DEBUG_INFO = INCLUDE_SOURCE;
				MTL_FAST_MATH = YES;
				ONLY_ACTIVE_ARCH = YES;
				SDKROOT = iphoneos;
				SWIFT_ACTIVE_COMPILATION_CONDITIONS = DEBUG;
				SWIFT_OPTIMIZATION_LEVEL = "-Onone";
				VERSIONING_SYSTEM = "apple-generic";
				VERSION_INFO_PREFIX = "";
			};
			name = Debug;
		};
		EC1EF17A219A1189006F12B0 /* Release */ = {
			isa = XCBuildConfiguration;
			buildSettings = {
				ALWAYS_SEARCH_USER_PATHS = NO;
				CLANG_ANALYZER_NONNULL = YES;
				CLANG_ANALYZER_NUMBER_OBJECT_CONVERSION = YES_AGGRESSIVE;
				CLANG_CXX_LANGUAGE_STANDARD = "gnu++14";
				CLANG_CXX_LIBRARY = "libc++";
				CLANG_ENABLE_MODULES = YES;
				CLANG_ENABLE_OBJC_ARC = YES;
				CLANG_ENABLE_OBJC_WEAK = YES;
				CLANG_WARN_BLOCK_CAPTURE_AUTORELEASING = YES;
				CLANG_WARN_BOOL_CONVERSION = YES;
				CLANG_WARN_COMMA = YES;
				CLANG_WARN_CONSTANT_CONVERSION = YES;
				CLANG_WARN_DEPRECATED_OBJC_IMPLEMENTATIONS = YES;
				CLANG_WARN_DIRECT_OBJC_ISA_USAGE = YES_ERROR;
				CLANG_WARN_DOCUMENTATION_COMMENTS = YES;
				CLANG_WARN_EMPTY_BODY = YES;
				CLANG_WARN_ENUM_CONVERSION = YES;
				CLANG_WARN_INFINITE_RECURSION = YES;
				CLANG_WARN_INT_CONVERSION = YES;
				CLANG_WARN_NON_LITERAL_NULL_CONVERSION = YES;
				CLANG_WARN_OBJC_IMPLICIT_RETAIN_SELF = YES;
				CLANG_WARN_OBJC_LITERAL_CONVERSION = YES;
				CLANG_WARN_OBJC_ROOT_CLASS = YES_ERROR;
				CLANG_WARN_RANGE_LOOP_ANALYSIS = YES;
				CLANG_WARN_STRICT_PROTOTYPES = YES;
				CLANG_WARN_SUSPICIOUS_MOVE = YES;
				CLANG_WARN_UNGUARDED_AVAILABILITY = YES_AGGRESSIVE;
				CLANG_WARN_UNREACHABLE_CODE = YES;
				CLANG_WARN__DUPLICATE_METHOD_MATCH = YES;
				CODE_SIGN_IDENTITY = "iPhone Developer";
				COPY_PHASE_STRIP = NO;
				CURRENT_PROJECT_VERSION = 1;
				DEBUG_INFORMATION_FORMAT = "dwarf-with-dsym";
				ENABLE_NS_ASSERTIONS = NO;
				ENABLE_STRICT_OBJC_MSGSEND = YES;
				GCC_C_LANGUAGE_STANDARD = gnu11;
				GCC_NO_COMMON_BLOCKS = YES;
				GCC_WARN_64_TO_32_BIT_CONVERSION = YES;
				GCC_WARN_ABOUT_RETURN_TYPE = YES_ERROR;
				GCC_WARN_UNDECLARED_SELECTOR = YES;
				GCC_WARN_UNINITIALIZED_AUTOS = YES_AGGRESSIVE;
				GCC_WARN_UNUSED_FUNCTION = YES;
				GCC_WARN_UNUSED_VARIABLE = YES;
				IPHONEOS_DEPLOYMENT_TARGET = 11.0;
				MTL_ENABLE_DEBUG_INFO = NO;
				MTL_FAST_MATH = YES;
				SDKROOT = iphoneos;
				SWIFT_COMPILATION_MODE = wholemodule;
				SWIFT_OPTIMIZATION_LEVEL = "-O";
				VALIDATE_PRODUCT = YES;
				VERSIONING_SYSTEM = "apple-generic";
				VERSION_INFO_PREFIX = "";
			};
			name = Release;
		};
		EC1EF17C219A1189006F12B0 /* Debug */ = {
			isa = XCBuildConfiguration;
			baseConfigurationReference = B2EED774328EC0E3858EADA3 /* Pods-SvrfSDK.debug.xcconfig */;
			buildSettings = {
				CLANG_ENABLE_MODULES = YES;
				CODE_SIGN_IDENTITY = "";
				CODE_SIGN_STYLE = Automatic;
				DEFINES_MODULE = YES;
				DEVELOPMENT_TEAM = X4KMHYAFYC;
				DYLIB_COMPATIBILITY_VERSION = 1;
				DYLIB_CURRENT_VERSION = 1;
				DYLIB_INSTALL_NAME_BASE = "@rpath";
				FRAMEWORK_SEARCH_PATHS = (
					"$(inherited)",
					"$(PROJECT_DIR)",
				);
				INFOPLIST_FILE = SvrfSDK/Info.plist;
				INSTALL_PATH = "$(LOCAL_LIBRARY_DIR)/Frameworks";
				LD_RUNPATH_SEARCH_PATHS = (
					"$(inherited)",
					"@executable_path/Frameworks",
					"@loader_path/Frameworks",
				);
				PRODUCT_BUNDLE_IDENTIFIER = svrf.SvrfSDK;
				PRODUCT_NAME = "$(TARGET_NAME:c99extidentifier)";
				SKIP_INSTALL = YES;
				SWIFT_OPTIMIZATION_LEVEL = "-Onone";
				SWIFT_VERSION = 5.0;
				TARGETED_DEVICE_FAMILY = "1,2";
			};
			name = Debug;
		};
		EC1EF17D219A1189006F12B0 /* Release */ = {
			isa = XCBuildConfiguration;
			baseConfigurationReference = 002CBEB5AD0CE718E1958611 /* Pods-SvrfSDK.release.xcconfig */;
			buildSettings = {
				CLANG_ENABLE_MODULES = YES;
				CODE_SIGN_IDENTITY = "";
				CODE_SIGN_STYLE = Automatic;
				DEFINES_MODULE = YES;
				DEVELOPMENT_TEAM = X4KMHYAFYC;
				DYLIB_COMPATIBILITY_VERSION = 1;
				DYLIB_CURRENT_VERSION = 1;
				DYLIB_INSTALL_NAME_BASE = "@rpath";
				FRAMEWORK_SEARCH_PATHS = (
					"$(inherited)",
					"$(PROJECT_DIR)",
				);
				INFOPLIST_FILE = SvrfSDK/Info.plist;
				INSTALL_PATH = "$(LOCAL_LIBRARY_DIR)/Frameworks";
				LD_RUNPATH_SEARCH_PATHS = (
					"$(inherited)",
					"@executable_path/Frameworks",
					"@loader_path/Frameworks",
				);
				PRODUCT_BUNDLE_IDENTIFIER = svrf.SvrfSDK;
				PRODUCT_NAME = "$(TARGET_NAME:c99extidentifier)";
				SKIP_INSTALL = YES;
				SWIFT_VERSION = 5.0;
				TARGETED_DEVICE_FAMILY = "1,2";
			};
			name = Release;
		};
		EC1EF17F219A1189006F12B0 /* Debug */ = {
			isa = XCBuildConfiguration;
			baseConfigurationReference = EF6F91EDB410C31CCBE2FDB0 /* Pods-SvrfSDK-SvrfSDKTests.debug.xcconfig */;
			buildSettings = {
				CODE_SIGN_STYLE = Automatic;
				DEVELOPMENT_TEAM = X4KMHYAFYC;
				INFOPLIST_FILE = SvrfSDKTests/Info.plist;
				LD_RUNPATH_SEARCH_PATHS = (
					"$(inherited)",
					"@executable_path/Frameworks",
					"@loader_path/Frameworks",
				);
				PRODUCT_BUNDLE_IDENTIFIER = svrf.SvrfSDKTests;
				PRODUCT_NAME = "$(TARGET_NAME)";
				SWIFT_VERSION = 5.0;
				TARGETED_DEVICE_FAMILY = "1,2";
			};
			name = Debug;
		};
		EC1EF180219A1189006F12B0 /* Release */ = {
			isa = XCBuildConfiguration;
			baseConfigurationReference = 553C4BE026B71D4586A81734 /* Pods-SvrfSDK-SvrfSDKTests.release.xcconfig */;
			buildSettings = {
				CODE_SIGN_STYLE = Automatic;
				DEVELOPMENT_TEAM = X4KMHYAFYC;
				INFOPLIST_FILE = SvrfSDKTests/Info.plist;
				LD_RUNPATH_SEARCH_PATHS = (
					"$(inherited)",
					"@executable_path/Frameworks",
					"@loader_path/Frameworks",
				);
				PRODUCT_BUNDLE_IDENTIFIER = svrf.SvrfSDKTests;
				PRODUCT_NAME = "$(TARGET_NAME)";
				SWIFT_VERSION = 5.0;
				TARGETED_DEVICE_FAMILY = "1,2";
			};
			name = Release;
		};
		EC1EF185219A14A9006F12B0 /* Debug */ = {
			isa = XCBuildConfiguration;
			buildSettings = {
				CODE_SIGN_STYLE = Automatic;
				DEVELOPMENT_TEAM = V88MRDGKUF;
				PRODUCT_NAME = "$(TARGET_NAME)";
			};
			name = Debug;
		};
		EC1EF186219A14A9006F12B0 /* Release */ = {
			isa = XCBuildConfiguration;
			buildSettings = {
				CODE_SIGN_STYLE = Automatic;
				DEVELOPMENT_TEAM = V88MRDGKUF;
				PRODUCT_NAME = "$(TARGET_NAME)";
			};
			name = Release;
		};
/* End XCBuildConfiguration section */

/* Begin XCConfigurationList section */
		EC1EF161219A1189006F12B0 /* Build configuration list for PBXProject "SvrfSDK" */ = {
			isa = XCConfigurationList;
			buildConfigurations = (
				EC1EF179219A1189006F12B0 /* Debug */,
				EC1EF17A219A1189006F12B0 /* Release */,
			);
			defaultConfigurationIsVisible = 0;
			defaultConfigurationName = Release;
		};
		EC1EF17B219A1189006F12B0 /* Build configuration list for PBXNativeTarget "SvrfSDK" */ = {
			isa = XCConfigurationList;
			buildConfigurations = (
				EC1EF17C219A1189006F12B0 /* Debug */,
				EC1EF17D219A1189006F12B0 /* Release */,
			);
			defaultConfigurationIsVisible = 0;
			defaultConfigurationName = Release;
		};
		EC1EF17E219A1189006F12B0 /* Build configuration list for PBXNativeTarget "SvrfSDKTests" */ = {
			isa = XCConfigurationList;
			buildConfigurations = (
				EC1EF17F219A1189006F12B0 /* Debug */,
				EC1EF180219A1189006F12B0 /* Release */,
			);
			defaultConfigurationIsVisible = 0;
			defaultConfigurationName = Release;
		};
		EC1EF184219A14A9006F12B0 /* Build configuration list for PBXAggregateTarget "UniversalSvrfSDK" */ = {
			isa = XCConfigurationList;
			buildConfigurations = (
				EC1EF185219A14A9006F12B0 /* Debug */,
				EC1EF186219A14A9006F12B0 /* Release */,
			);
			defaultConfigurationIsVisible = 0;
			defaultConfigurationName = Release;
		};
/* End XCConfigurationList section */
	};
	rootObject = EC1EF15E219A1189006F12B0 /* Project object */;
}
